github.com/google/uuid v1.5.0 h1:1p67kYwdtXjb0gL0BPiP1Av9wiZPo5A8z2cWkTZ+eyU=
github.com/google/uuid v1.5.0/go.mod h1:TIyPZe4MgqvfeYDBFedMoGGpEw/LqOeaOT+nhxU+yHo=
go.yhsif.com/ctxslog v1.0.0 h1:vpC/XpnXmD9o/CdzJCcX9ZsAfbYNBK8dG8MC6MIE6pI=
go.yhsif.com/ctxslog v1.0.0/go.mod h1:xFOd7LrNvPlOvpmFKDwLWwXQnNRnnabeuzx2+bBcp4A=
go.yhsif.com/flagutils v0.2.0 h1:MVPdEZOTctSDd8fQ6CCeLlYTCneMY6pbGl1MWF9aJPc=
go.yhsif.com/flagutils v0.2.0/go.mod h1:8ESSA1knO8Cqf5ugbFCZVFwg4qA6/rqwosc+M1aFWRk=
go.yhsif.com/immutable v0.2.0 h1:ryjhH9U9OFzYZrps+FN2H/02RF6LchR9l65IzE4inJ0=
go.yhsif.com/immutable v0.2.0/go.mod h1:F9gWg394KjDL3EpuyCWf6Uz6QBwI1YqypnTRDqIq3kU=
golang.org/x/image v0.14.0 h1:tNgSxAFe3jC4uYqvZdTr84SZoM1KfwdC9SKIFrLjFn4=
golang.org/x/image v0.14.0/go.mod h1:HUYqC05R2ZcZ3ejNQsIHQDQiwWM4JBqmm6MKANTp4LE=
golang.org/x/net v0.19.0 h1:zTwKpTd2XuCqf8huc7Fo2iSy+4RHPd10s4KzeTnVr1c=
golang.org/x/net v0.19.0/go.mod h1:CfAk/cbD4CthTvqiEl8NpboMuiuOYsAr/7NOjZJtv1U=
