go.yhsif.com/ctxslog v1.1.1 h1:j6hJ0ROUKrvgwiRFvhiX35jto4fzaV9/7wJDP29hK0k=
go.yhsif.com/ctxslog v1.1.1/go.mod h1:v//S+AJE0wtvdFrU3U6BusOZfFfr7a4WeQifHdUDyiY=
go.yhsif.com/flagutils v1.0.0 h1:3A4XfyqAHBOPIBGXnLANPwnW6LUtmItWOY+UdUX55IE=
go.yhsif.com/flagutils v1.0.0/go.mod h1:BOhpW1/wRGdNu6hR108zBXupdS3+W4iwjpCGuWdI+aE=
go.yhsif.com/immutable v1.0.1 h1:xllWcnDRbh1rduCRDAoITS8SEtZx7EtK8aAa1l53Oow=
go.yhsif.com/immutable v1.0.1/go.mod h1:ULJQwrbCl4+AXCehrN6FC0jlD2qkexiafxVeRkIRrKw=
golang.org/x/image v0.46.0 h1:b1+oYj0Jbp6K5MDT4i4/eZpYlk3V8SJhhDKh6LBHAyQ=
golang.org/x/image v0.46.0/go.mod h1:3B3W05VGVQyuXucLINLjXKrqISASfi4Xj+iCVkLMwew=
golang.org/x/net v0.60.0 h1:79p50tfZlm0J9YfoDsSi639qSXNGVwEzOPLCxM2FsYU=
golang.org/x/net v0.60.0/go.mod h1:2DA/G1UfVbCpQPeWTmMPGY7Cs2PkBkwu743bVX5PIVg=
