github.com/google/uuid v1.6.0 h1:NIvaJDMOsjHA8n1jAhLSgzrAzy1Hgr+hNrb57e+94F0=
github.com/google/uuid v1.6.0/go.mod h1:TIyPZe4MgqvfeYDBFedMoGGpEw/LqOeaOT+nhxU+yHo=
go.yhsif.com/immutable v1.0.0 h1:V7f0dFFqCauZgq4ykOGl59Is0VmMILax/T7EjUCuQp4=
go.yhsif.com/immutable v1.0.0/go.mod h1:u1Qf6g5SDBaTnKE+Serz1dO6H2mzOPYpMeCu/qSB5PQ=
golang.org/x/net v0.45.0 h1:RLBg5JKixCy82FtLJpeNlVM0nrSqpCRYzVU1n8kj0tM=
golang.org/x/net v0.45.0/go.mod h1:ECOoLqd5U3Lhyeyo/QDCEVQ4sNgYsqvCZ722XogGieY=
