go.yhsif.com/immutable v1.0.1 h1:xllWcnDRbh1rduCRDAoITS8SEtZx7EtK8aAa1l53Oow=
go.yhsif.com/immutable v1.0.1/go.mod h1:ULJQwrbCl4+AXCehrN6FC0jlD2qkexiafxVeRkIRrKw=
golang.org/x/net v0.60.0 h1:79p50tfZlm0J9YfoDsSi639qSXNGVwEzOPLCxM2FsYU=
golang.org/x/net v0.60.0/go.mod h1:2DA/G1UfVbCpQPeWTmMPGY7Cs2PkBkwu743bVX5PIVg=
