github.com/google/uuid v1.6.0 h1:NIvaJDMOsjHA8n1jAhLSgzrAzy1Hgr+hNrb57e+94F0=
github.com/google/uuid v1.6.0/go.mod h1:TIyPZe4MgqvfeYDBFedMoGGpEw/LqOeaOT+nhxU+yHo=
go.yhsif.com/immutable v1.0.0-rc1 h1:9uTL/8DYRhi4RbEi4nSkqcszjB8sBuxcgD+3A91ZkUw=
go.yhsif.com/immutable v1.0.0-rc1/go.mod h1:u1Qf6g5SDBaTnKE+Serz1dO6H2mzOPYpMeCu/qSB5PQ=
golang.org/x/net v0.38.0 h1:vRMAPTMaeGqVhG5QyLJHqNDwecKTomGeqbnfZyKlBI8=
golang.org/x/net v0.38.0/go.mod h1:ivrbrMbzFq5J41QOQh0siUuly180yBYtLp+CKbEaFx8=
